
Microsoft Visual Studio Solution File, Format Version 12.00
# Visual Studio 2013
VisualStudioVersion = 12.0.31101.0
MinimumVisualStudioVersion = 10.0.40219.1
Project("{FAE04EC0-301F-11D3-BF4B-00C04F79EFBC}") = "Password Form", "Password Form\Password Form.csproj", "{C3F6D4A6-AB48-4F30-8D0B-CE0FE85C06EF}"
EndProject
Global
	GlobalSection(SolutionConfigurationPlatforms) = preSolution
		Debug|Any CPU = Debug|Any CPU
		Release|Any CPU = Release|Any CPU
	EndGlobalSection
	GlobalSection(ProjectConfigurationPlatforms) = postSolution
		{C3F6D4A6-AB48-4F30-8D0B-CE0FE85C06EF}.Debug|Any CPU.ActiveCfg = Debug|Any CPU
		{C3F6D4A6-AB48-4F30-8D0B-CE0FE85C06EF}.Debug|Any CPU.Build.0 = Debug|Any CPU
		{C3F6D4A6-AB48-4F30-8D0B-CE0FE85C06EF}.Release|Any CPU.ActiveCfg = Release|Any CPU
		{C3F6D4A6-AB48-4F30-8D0B-CE0FE85C06EF}.Release|Any CPU.Build.0 = Release|Any CPU
	EndGlobalSection
	GlobalSection(SolutionProperties) = preSolution
		HideSolutionNode = FALSE
	EndGlobalSection
EndGlobal
